
Microsoft Visual Studio Solution File, Format Version 12.00
# Visual Studio 15
VisualStudioVersion = 15.0.28307.329
MinimumVisualStudioVersion = 10.0.40219.1
Project("{FAE04EC0-301F-11D3-BF4B-00C04F79EFBC}") = "Task3.1", "Task3.1\Task3.1.csproj", "{67D1FB70-62A6-41F2-B7F9-80FB7461BF06}"
EndProject
Global
	GlobalSection(SolutionConfigurationPlatforms) = preSolution
		Debug|Any CPU = Debug|Any CPU
		Release|Any CPU = Release|Any CPU
	EndGlobalSection
	GlobalSection(ProjectConfigurationPlatforms) = postSolution
		{67D1FB70-62A6-41F2-B7F9-80FB7461BF06}.Debug|Any CPU.ActiveCfg = Debug|Any CPU
		{67D1FB70-62A6-41F2-B7F9-80FB7461BF06}.Debug|Any CPU.Build.0 = Debug|Any CPU
		{67D1FB70-62A6-41F2-B7F9-80FB7461BF06}.Release|Any CPU.ActiveCfg = Release|Any CPU
		{67D1FB70-62A6-41F2-B7F9-80FB7461BF06}.Release|Any CPU.Build.0 = Release|Any CPU
	EndGlobalSection
	GlobalSection(SolutionProperties) = preSolution
		HideSolutionNode = FALSE
	EndGlobalSection
	GlobalSection(ExtensibilityGlobals) = postSolution
		SolutionGuid = {7F4BE4AB-2A9E-4CD3-B95A-42EF83CC4E11}
	EndGlobalSection
EndGlobal
